
Microsoft Visual Studio Solution File, Format Version 12.00
# Visual Studio Version 17
VisualStudioVersion = 17.11.35312.102
MinimumVisualStudioVersion = 10.0.40219.1
Project("{9A19103F-16F7-4668-BE54-9A1E7A4F7556}") = "ex01", "ex01\ex01.csproj", "{F94469DC-C27D-4F2F-A5E6-C35B98778294}"
EndProject
Project("{9A19103F-16F7-4668-BE54-9A1E7A4F7556}") = "ex02", "ex02\ex02.csproj", "{20B1B4FF-6BCE-4B2A-AC8C-66699C0ED587}"
EndProject
Project("{9A19103F-16F7-4668-BE54-9A1E7A4F7556}") = "ex03", "ex03\ex03.csproj", "{96FEE1E4-C2FC-4FF9-A8B6-6FFC9FBD0896}"
EndProject
Project("{9A19103F-16F7-4668-BE54-9A1E7A4F7556}") = "ex05", "ex05\ex05.csproj", "{3E6BE118-F0F1-463B-808F-67E62C80D8B2}"
EndProject
Project("{9A19103F-16F7-4668-BE54-9A1E7A4F7556}") = "ex07", "ex07\ex07.csproj", "{81B1B1C0-3C06-4032-A67B-8DC707D97800}"
EndProject
Project("{9A19103F-16F7-4668-BE54-9A1E7A4F7556}") = "ex10", "ex10\ex10.csproj", "{77425DA3-F31B-4E34-9196-EDC2FF83813C}"
EndProject
Project("{9A19103F-16F7-4668-BE54-9A1E7A4F7556}") = "ex04", "ex04\ex04.csproj", "{F1C0263F-E3D9-4018-BD7B-72EF9F2D9B22}"
EndProject
Project("{9A19103F-16F7-4668-BE54-9A1E7A4F7556}") = "ex06", "ex06\ex06.csproj", "{E2CBEA4E-CBBD-4CA3-A846-0B9E2385238B}"
EndProject
Project("{9A19103F-16F7-4668-BE54-9A1E7A4F7556}") = "ex08", "ex08\ex08.csproj", "{14D32B91-3D88-4F8B-B5CD-F7B2F486C561}"
EndProject
Project("{9A19103F-16F7-4668-BE54-9A1E7A4F7556}") = "ex09", "ex09\ex09.csproj", "{C7507337-D9AC-4CBC-88EC-B0497ECEB9E7}"
EndProject
Project("{9A19103F-16F7-4668-BE54-9A1E7A4F7556}") = "ex11", "ex11\ex11.csproj", "{6D382708-92AE-41FB-90B6-672AAA1AB865}"
EndProject
Project("{9A19103F-16F7-4668-BE54-9A1E7A4F7556}") = "ex12", "ex12\ex12.csproj", "{09AB257F-3AAC-452A-921E-D6A59B39EA11}"
EndProject
Project("{9A19103F-16F7-4668-BE54-9A1E7A4F7556}") = "ex13", "ex13\ex13.csproj", "{E7128667-DFDE-4E04-9F40-D9AD4BCC1684}"
EndProject
Project("{9A19103F-16F7-4668-BE54-9A1E7A4F7556}") = "ex14", "ex14\ex14.csproj", "{5DD85506-A53B-45C9-A7EA-8FE5A0861ADA}"
EndProject
Project("{FAE04EC0-301F-11D3-BF4B-00C04F79EFBC}") = "ex15", "ex15\ex15.csproj", "{BC03B6D3-9E99-473D-A704-4250587CEEBA}"
EndProject
Project("{FAE04EC0-301F-11D3-BF4B-00C04F79EFBC}") = "ex16", "ex16\ex16.csproj", "{086AC0BC-2E76-4A12-9BCF-F580149B1D4E}"
EndProject
Global
	GlobalSection(SolutionConfigurationPlatforms) = preSolution
		Debug|Any CPU = Debug|Any CPU
		Release|Any CPU = Release|Any CPU
	EndGlobalSection
	GlobalSection(ProjectConfigurationPlatforms) = postSolution
		{F94469DC-C27D-4F2F-A5E6-C35B98778294}.Debug|Any CPU.ActiveCfg = Debug|Any CPU
		{F94469DC-C27D-4F2F-A5E6-C35B98778294}.Debug|Any CPU.Build.0 = Debug|Any CPU
		{F94469DC-C27D-4F2F-A5E6-C35B98778294}.Release|Any CPU.ActiveCfg = Release|Any CPU
		{F94469DC-C27D-4F2F-A5E6-C35B98778294}.Release|Any CPU.Build.0 = Release|Any CPU
		{20B1B4FF-6BCE-4B2A-AC8C-66699C0ED587}.Debug|Any CPU.ActiveCfg = Debug|Any CPU
		{20B1B4FF-6BCE-4B2A-AC8C-66699C0ED587}.Debug|Any CPU.Build.0 = Debug|Any CPU
		{20B1B4FF-6BCE-4B2A-AC8C-66699C0ED587}.Release|Any CPU.ActiveCfg = Release|Any CPU
		{20B1B4FF-6BCE-4B2A-AC8C-66699C0ED587}.Release|Any CPU.Build.0 = Release|Any CPU
		{96FEE1E4-C2FC-4FF9-A8B6-6FFC9FBD0896}.Debug|Any CPU.ActiveCfg = Debug|Any CPU
		{96FEE1E4-C2FC-4FF9-A8B6-6FFC9FBD0896}.Debug|Any CPU.Build.0 = Debug|Any CPU
		{96FEE1E4-C2FC-4FF9-A8B6-6FFC9FBD0896}.Release|Any CPU.ActiveCfg = Release|Any CPU
		{96FEE1E4-C2FC-4FF9-A8B6-6FFC9FBD0896}.Release|Any CPU.Build.0 = Release|Any CPU
		{3E6BE118-F0F1-463B-808F-67E62C80D8B2}.Debug|Any CPU.ActiveCfg = Debug|Any CPU
		{3E6BE118-F0F1-463B-808F-67E62C80D8B2}.Debug|Any CPU.Build.0 = Debug|Any CPU
		{3E6BE118-F0F1-463B-808F-67E62C80D8B2}.Release|Any CPU.ActiveCfg = Release|Any CPU
		{3E6BE118-F0F1-463B-808F-67E62C80D8B2}.Release|Any CPU.Build.0 = Release|Any CPU
		{81B1B1C0-3C06-4032-A67B-8DC707D97800}.Debug|Any CPU.ActiveCfg = Debug|Any CPU
		{81B1B1C0-3C06-4032-A67B-8DC707D97800}.Debug|Any CPU.Build.0 = Debug|Any CPU
		{81B1B1C0-3C06-4032-A67B-8DC707D97800}.Release|Any CPU.ActiveCfg = Release|Any CPU
		{81B1B1C0-3C06-4032-A67B-8DC707D97800}.Release|Any CPU.Build.0 = Release|Any CPU
		{77425DA3-F31B-4E34-9196-EDC2FF83813C}.Debug|Any CPU.ActiveCfg = Debug|Any CPU
		{77425DA3-F31B-4E34-9196-EDC2FF83813C}.Debug|Any CPU.Build.0 = Debug|Any CPU
		{77425DA3-F31B-4E34-9196-EDC2FF83813C}.Release|Any CPU.ActiveCfg = Release|Any CPU
		{77425DA3-F31B-4E34-9196-EDC2FF83813C}.Release|Any CPU.Build.0 = Release|Any CPU
		{F1C0263F-E3D9-4018-BD7B-72EF9F2D9B22}.Debug|Any CPU.ActiveCfg = Debug|Any CPU
		{F1C0263F-E3D9-4018-BD7B-72EF9F2D9B22}.Debug|Any CPU.Build.0 = Debug|Any CPU
		{F1C0263F-E3D9-4018-BD7B-72EF9F2D9B22}.Release|Any CPU.ActiveCfg = Release|Any CPU
		{F1C0263F-E3D9-4018-BD7B-72EF9F2D9B22}.Release|Any CPU.Build.0 = Release|Any CPU
		{E2CBEA4E-CBBD-4CA3-A846-0B9E2385238B}.Debug|Any CPU.ActiveCfg = Debug|Any CPU
		{E2CBEA4E-CBBD-4CA3-A846-0B9E2385238B}.Debug|Any CPU.Build.0 = Debug|Any CPU
		{E2CBEA4E-CBBD-4CA3-A846-0B9E2385238B}.Release|Any CPU.ActiveCfg = Release|Any CPU
		{E2CBEA4E-CBBD-4CA3-A846-0B9E2385238B}.Release|Any CPU.Build.0 = Release|Any CPU
		{14D32B91-3D88-4F8B-B5CD-F7B2F486C561}.Debug|Any CPU.ActiveCfg = Debug|Any CPU
		{14D32B91-3D88-4F8B-B5CD-F7B2F486C561}.Debug|Any CPU.Build.0 = Debug|Any CPU
		{14D32B91-3D88-4F8B-B5CD-F7B2F486C561}.Release|Any CPU.ActiveCfg = Release|Any CPU
		{14D32B91-3D88-4F8B-B5CD-F7B2F486C561}.Release|Any CPU.Build.0 = Release|Any CPU
		{C7507337-D9AC-4CBC-88EC-B0497ECEB9E7}.Debug|Any CPU.ActiveCfg = Debug|Any CPU
		{C7507337-D9AC-4CBC-88EC-B0497ECEB9E7}.Debug|Any CPU.Build.0 = Debug|Any CPU
		{C7507337-D9AC-4CBC-88EC-B0497ECEB9E7}.Release|Any CPU.ActiveCfg = Release|Any CPU
		{C7507337-D9AC-4CBC-88EC-B0497ECEB9E7}.Release|Any CPU.Build.0 = Release|Any CPU
		{6D382708-92AE-41FB-90B6-672AAA1AB865}.Debug|Any CPU.ActiveCfg = Debug|Any CPU
		{6D382708-92AE-41FB-90B6-672AAA1AB865}.Debug|Any CPU.Build.0 = Debug|Any CPU
		{6D382708-92AE-41FB-90B6-672AAA1AB865}.Release|Any CPU.ActiveCfg = Release|Any CPU
		{6D382708-92AE-41FB-90B6-672AAA1AB865}.Release|Any CPU.Build.0 = Release|Any CPU
		{09AB257F-3AAC-452A-921E-D6A59B39EA11}.Debug|Any CPU.ActiveCfg = Debug|Any CPU
		{09AB257F-3AAC-452A-921E-D6A59B39EA11}.Debug|Any CPU.Build.0 = Debug|Any CPU
		{09AB257F-3AAC-452A-921E-D6A59B39EA11}.Release|Any CPU.ActiveCfg = Release|Any CPU
		{09AB257F-3AAC-452A-921E-D6A59B39EA11}.Release|Any CPU.Build.0 = Release|Any CPU
		{E7128667-DFDE-4E04-9F40-D9AD4BCC1684}.Debug|Any CPU.ActiveCfg = Debug|Any CPU
		{E7128667-DFDE-4E04-9F40-D9AD4BCC1684}.Debug|Any CPU.Build.0 = Debug|Any CPU
		{E7128667-DFDE-4E04-9F40-D9AD4BCC1684}.Release|Any CPU.ActiveCfg = Release|Any CPU
		{E7128667-DFDE-4E04-9F40-D9AD4BCC1684}.Release|Any CPU.Build.0 = Release|Any CPU
		{5DD85506-A53B-45C9-A7EA-8FE5A0861ADA}.Debug|Any CPU.ActiveCfg = Debug|Any CPU
		{5DD85506-A53B-45C9-A7EA-8FE5A0861ADA}.Debug|Any CPU.Build.0 = Debug|Any CPU
		{5DD85506-A53B-45C9-A7EA-8FE5A0861ADA}.Release|Any CPU.ActiveCfg = Release|Any CPU
		{5DD85506-A53B-45C9-A7EA-8FE5A0861ADA}.Release|Any CPU.Build.0 = Release|Any CPU
		{BC03B6D3-9E99-473D-A704-4250587CEEBA}.Debug|Any CPU.ActiveCfg = Debug|Any CPU
		{BC03B6D3-9E99-473D-A704-4250587CEEBA}.Debug|Any CPU.Build.0 = Debug|Any CPU
		{BC03B6D3-9E99-473D-A704-4250587CEEBA}.Release|Any CPU.ActiveCfg = Release|Any CPU
		{BC03B6D3-9E99-473D-A704-4250587CEEBA}.Release|Any CPU.Build.0 = Release|Any CPU
		{086AC0BC-2E76-4A12-9BCF-F580149B1D4E}.Debug|Any CPU.ActiveCfg = Debug|Any CPU
		{086AC0BC-2E76-4A12-9BCF-F580149B1D4E}.Debug|Any CPU.Build.0 = Debug|Any CPU
		{086AC0BC-2E76-4A12-9BCF-F580149B1D4E}.Release|Any CPU.ActiveCfg = Release|Any CPU
		{086AC0BC-2E76-4A12-9BCF-F580149B1D4E}.Release|Any CPU.Build.0 = Release|Any CPU
	EndGlobalSection
	GlobalSection(SolutionProperties) = preSolution
		HideSolutionNode = FALSE
	EndGlobalSection
	GlobalSection(ExtensibilityGlobals) = postSolution
		SolutionGuid = {DD029804-A1AB-402D-950A-406A46F3B3CD}
	EndGlobalSection
EndGlobal
